
Microsoft Visual Studio Solution File, Format Version 12.00
# Visual Studio 15
VisualStudioVersion = 15.0.28307.645
MinimumVisualStudioVersion = 10.0.40219.1
Project("{FAE04EC0-301F-11D3-BF4B-00C04F79EFBC}") = "PrintSpecificPages", "PrintSpecificPages.csproj", "{7C6D0952-79EF-4E3A-B96C-D8586C45DB84}"
EndProject
Global
	GlobalSection(SolutionConfigurationPlatforms) = preSolution
		Debug|ARM = Debug|ARM
		Debug|ARM64 = Debug|ARM64
		Debug|x64 = Debug|x64
		Debug|x86 = Debug|x86
		Release|ARM = Release|ARM
		Release|ARM64 = Release|ARM64
		Release|x64 = Release|x64
		Release|x86 = Release|x86
	EndGlobalSection
	GlobalSection(ProjectConfigurationPlatforms) = postSolution
		{7C6D0952-79EF-4E3A-B96C-D8586C45DB84}.Debug|ARM.ActiveCfg = Debug|ARM
		{7C6D0952-79EF-4E3A-B96C-D8586C45DB84}.Debug|ARM.Build.0 = Debug|ARM
		{7C6D0952-79EF-4E3A-B96C-D8586C45DB84}.Debug|ARM.Deploy.0 = Debug|ARM
		{7C6D0952-79EF-4E3A-B96C-D8586C45DB84}.Debug|ARM64.ActiveCfg = Debug|ARM64
		{7C6D0952-79EF-4E3A-B96C-D8586C45DB84}.Debug|ARM64.Build.0 = Debug|ARM64
		{7C6D0952-79EF-4E3A-B96C-D8586C45DB84}.Debug|ARM64.Deploy.0 = Debug|ARM64
		{7C6D0952-79EF-4E3A-B96C-D8586C45DB84}.Debug|x64.ActiveCfg = Debug|x64
		{7C6D0952-79EF-4E3A-B96C-D8586C45DB84}.Debug|x64.Build.0 = Debug|x64
		{7C6D0952-79EF-4E3A-B96C-D8586C45DB84}.Debug|x64.Deploy.0 = Debug|x64
		{7C6D0952-79EF-4E3A-B96C-D8586C45DB84}.Debug|x86.ActiveCfg = Debug|x86
		{7C6D0952-79EF-4E3A-B96C-D8586C45DB84}.Debug|x86.Build.0 = Debug|x86
		{7C6D0952-79EF-4E3A-B96C-D8586C45DB84}.Debug|x86.Deploy.0 = Debug|x86
		{7C6D0952-79EF-4E3A-B96C-D8586C45DB84}.Release|ARM.ActiveCfg = Release|ARM
		{7C6D0952-79EF-4E3A-B96C-D8586C45DB84}.Release|ARM.Build.0 = Release|ARM
		{7C6D0952-79EF-4E3A-B96C-D8586C45DB84}.Release|ARM.Deploy.0 = Release|ARM
		{7C6D0952-79EF-4E3A-B96C-D8586C45DB84}.Release|ARM64.ActiveCfg = Release|ARM64
		{7C6D0952-79EF-4E3A-B96C-D8586C45DB84}.Release|ARM64.Build.0 = Release|ARM64
		{7C6D0952-79EF-4E3A-B96C-D8586C45DB84}.Release|ARM64.Deploy.0 = Release|ARM64
		{7C6D0952-79EF-4E3A-B96C-D8586C45DB84}.Release|x64.ActiveCfg = Release|x64
		{7C6D0952-79EF-4E3A-B96C-D8586C45DB84}.Release|x64.Build.0 = Release|x64
		{7C6D0952-79EF-4E3A-B96C-D8586C45DB84}.Release|x64.Deploy.0 = Release|x64
		{7C6D0952-79EF-4E3A-B96C-D8586C45DB84}.Release|x86.ActiveCfg = Release|x86
		{7C6D0952-79EF-4E3A-B96C-D8586C45DB84}.Release|x86.Build.0 = Release|x86
		{7C6D0952-79EF-4E3A-B96C-D8586C45DB84}.Release|x86.Deploy.0 = Release|x86
	EndGlobalSection
	GlobalSection(SolutionProperties) = preSolution
		HideSolutionNode = FALSE
	EndGlobalSection
	GlobalSection(ExtensibilityGlobals) = postSolution
		SolutionGuid = {C7654A85-CFDB-4D09-8514-C21DA41B70B8}
	EndGlobalSection
EndGlobal
